
Microsoft Visual Studio Solution File, Format Version 12.00
# Visual Studio Version 17
VisualStudioVersion = 17.11.35208.52
MinimumVisualStudioVersion = 10.0.40219.1
Project("{FAE04EC0-301F-11D3-BF4B-00C04F79EFBC}") = "RepositoryPattern-ASPNetCore-WebAPI", "RepositoryPattern-ASPNetCore-WebAPI\RepositoryPattern-ASPNetCore-WebAPI.csproj", "{601545FD-B629-49C6-ACCA-2370FF34992A}"
EndProject
Global
	GlobalSection(SolutionConfigurationPlatforms) = preSolution
		Debug|Any CPU = Debug|Any CPU
		Release|Any CPU = Release|Any CPU
	EndGlobalSection
	GlobalSection(ProjectConfigurationPlatforms) = postSolution
		{601545FD-B629-49C6-ACCA-2370FF34992A}.Debug|Any CPU.ActiveCfg = Debug|Any CPU
		{601545FD-B629-49C6-ACCA-2370FF34992A}.Debug|Any CPU.Build.0 = Debug|Any CPU
		{601545FD-B629-49C6-ACCA-2370FF34992A}.Release|Any CPU.ActiveCfg = Release|Any CPU
		{601545FD-B629-49C6-ACCA-2370FF34992A}.Release|Any CPU.Build.0 = Release|Any CPU
	EndGlobalSection
	GlobalSection(SolutionProperties) = preSolution
		HideSolutionNode = FALSE
	EndGlobalSection
	GlobalSection(ExtensibilityGlobals) = postSolution
		SolutionGuid = {EC057784-F9FC-4A38-97C4-9FB73FC67054}
	EndGlobalSection
EndGlobal
